PODS:
  - SVProgressHUD (2.2.5)
  - SwiftRandom (1.0.0)

DEPENDENCIES:
  - SVProgressHUD
  - SwiftRandom

SPEC REPOS:
  https://github.com/cocoapods/specs.git:
    - SVProgressHUD
    - SwiftRandom

SPEC CHECKSUMS:
  SVProgressHUD: 1428aafac632c1f86f62aa4243ec12008d7a51d6
  SwiftRandom: 437275c63500ddf5a565cbd56996fb23f12cfc3d

PODFILE CHECKSUM: f4e784eea0e67cc43bebe33dd09215256bd96a2b

COCOAPODS: 1.5.3
